
Microsoft Visual Studio Solution File, Format Version 12.00
# Visual Studio Version 17
VisualStudioVersion = 17.10.34804.81
MinimumVisualStudioVersion = 10.0.40219.1
Project("{FAE04EC0-301F-11D3-BF4B-00C04F79EFBC}") = "Week9", "Week9\Week9.csproj", "{FFE2C41F-C062-4A3B-B63F-E4AA27D8A29E}"
EndProject
Global
	GlobalSection(SolutionConfigurationPlatforms) = preSolution
		Debug|Any CPU = Debug|Any CPU
		Release|Any CPU = Release|Any CPU
	EndGlobalSection
	GlobalSection(ProjectConfigurationPlatforms) = postSolution
		{FFE2C41F-C062-4A3B-B63F-E4AA27D8A29E}.Debug|Any CPU.ActiveCfg = Debug|Any CPU
		{FFE2C41F-C062-4A3B-B63F-E4AA27D8A29E}.Debug|Any CPU.Build.0 = Debug|Any CPU
		{FFE2C41F-C062-4A3B-B63F-E4AA27D8A29E}.Release|Any CPU.ActiveCfg = Release|Any CPU
		{FFE2C41F-C062-4A3B-B63F-E4AA27D8A29E}.Release|Any CPU.Build.0 = Release|Any CPU
	EndGlobalSection
	GlobalSection(SolutionProperties) = preSolution
		HideSolutionNode = FALSE
	EndGlobalSection
	GlobalSection(ExtensibilityGlobals) = postSolution
		SolutionGuid = {CE800264-1A69-4357-8F85-200344AFC366}
	EndGlobalSection
EndGlobal
